
Microsoft Visual Studio Solution File, Format Version 12.00
# Visual Studio Version 16
VisualStudioVersion = 16.0.33927.289
MinimumVisualStudioVersion = 10.0.40219.1
Project("{FAE04EC0-301F-11D3-BF4B-00C04F79EFBC}") = "curd", "curd\curd.csproj", "{C0B1972B-B43D-4094-AD1D-DC1D68E17D25}"
EndProject
Global
	GlobalSection(SolutionConfigurationPlatforms) = preSolution
		Debug|Any CPU = Debug|Any CPU
		Release|Any CPU = Release|Any CPU
	EndGlobalSection
	GlobalSection(ProjectConfigurationPlatforms) = postSolution
		{C0B1972B-B43D-4094-AD1D-DC1D68E17D25}.Debug|Any CPU.ActiveCfg = Debug|Any CPU
		{C0B1972B-B43D-4094-AD1D-DC1D68E17D25}.Debug|Any CPU.Build.0 = Debug|Any CPU
		{C0B1972B-B43D-4094-AD1D-DC1D68E17D25}.Release|Any CPU.ActiveCfg = Release|Any CPU
		{C0B1972B-B43D-4094-AD1D-DC1D68E17D25}.Release|Any CPU.Build.0 = Release|Any CPU
	EndGlobalSection
	GlobalSection(SolutionProperties) = preSolution
		HideSolutionNode = FALSE
	EndGlobalSection
	GlobalSection(ExtensibilityGlobals) = postSolution
		SolutionGuid = {3B92F4CB-6B70-4E82-A349-782B33589523}
	EndGlobalSection
EndGlobal
